
Microsoft Visual Studio Solution File, Format Version 12.00
# Visual Studio Version 16
VisualStudioVersion = 16.0.31624.102
MinimumVisualStudioVersion = 10.0.40219.1
Project("{D954291E-2A0B-460D-934E-DC6B0785DB48}") = "GiphyClient.Shared", "GiphyClient\GiphyClient.Shared\GiphyClient.Shared.shproj", "{6279C845-92F8-4333-AB99-3D213163593C}"
EndProject
Project("{2150E333-8FDC-42A3-9474-1A3956D46DE8}") = "Platforms", "Platforms", "{10E3A890-BC75-4B2B-8E52-C7869C759233}"
EndProject
Project("{FAE04EC0-301F-11D3-BF4B-00C04F79EFBC}") = "GiphyClient.Droid", "GiphyClient\GiphyClient.Droid\GiphyClient.Droid.csproj", "{E7A2E056-A10F-445B-BF2E-66ABB44A8E6D}"
EndProject
Project("{FAE04EC0-301F-11D3-BF4B-00C04F79EFBC}") = "GiphyClient.iOS", "GiphyClient\GiphyClient.iOS\GiphyClient.iOS.csproj", "{E8D71F43-4411-4644-82CF-33B231EA59EC}"
EndProject
Project("{FAE04EC0-301F-11D3-BF4B-00C04F79EFBC}") = "GiphyClient.UWP", "GiphyClient\GiphyClient.UWP\GiphyClient.UWP.csproj", "{A987A861-61DC-48C6-BD55-9B8D71580134}"
EndProject
Project("{FAE04EC0-301F-11D3-BF4B-00C04F79EFBC}") = "GiphyClient.Wasm", "GiphyClient\GiphyClient.Wasm\GiphyClient.Wasm.csproj", "{687A8D6F-D39A-4844-BD41-863B1B59F92C}"
EndProject
Project("{FAE04EC0-301F-11D3-BF4B-00C04F79EFBC}") = "GiphyClient.macOS", "GiphyClient\GiphyClient.macOS\GiphyClient.macOS.csproj", "{91D0077F-3584-47F3-B7E3-3CA16B2C9C83}"
EndProject
Project("{FAE04EC0-301F-11D3-BF4B-00C04F79EFBC}") = "GiphyClient.Skia.Wpf.Host", "GiphyClient\GiphyClient.Skia.Wpf.Host\GiphyClient.Skia.Wpf.Host.csproj", "{F6DA558F-1F34-4940-AE7E-92FC89ED80D0}"
EndProject
Project("{FAE04EC0-301F-11D3-BF4B-00C04F79EFBC}") = "GiphyClient.Skia.Wpf", "GiphyClient\GiphyClient.Skia.Wpf\GiphyClient.Skia.Wpf.csproj", "{650BBFD6-D63E-48BC-A7FE-77B8F1F158B5}"
EndProject
Project("{FAE04EC0-301F-11D3-BF4B-00C04F79EFBC}") = "GiphyClient.Skia.Gtk", "GiphyClient\GiphyClient.Skia.Gtk\GiphyClient.Skia.Gtk.csproj", "{468BBEF8-BC6A-4A43-A9B2-49DBF96130DF}"
EndProject
Project("{FAE04EC0-301F-11D3-BF4B-00C04F79EFBC}") = "GiphyClient.Skia.Tizen", "GiphyClient\GiphyClient.Skia.Tizen\GiphyClient.Skia.Tizen.csproj", "{7B89B488-0FBF-4120-857F-850232C2477F}"
EndProject
Global
	GlobalSection(SharedMSBuildProjectFiles) = preSolution
		GiphyClient\GiphyClient.Shared\GiphyClient.Shared.projitems*{468bbef8-bc6a-4a43-a9b2-49dbf96130df}*SharedItemsImports = 5
		GiphyClient\GiphyClient.Shared\GiphyClient.Shared.projitems*{6279c845-92f8-4333-ab99-3d213163593c}*SharedItemsImports = 13
		GiphyClient\GiphyClient.Shared\GiphyClient.Shared.projitems*{650bbfd6-d63e-48bc-a7fe-77b8f1f158b5}*SharedItemsImports = 5
		GiphyClient\GiphyClient.Shared\GiphyClient.Shared.projitems*{687a8d6f-d39a-4844-bd41-863b1b59f92c}*SharedItemsImports = 5
		GiphyClient\GiphyClient.Shared\GiphyClient.Shared.projitems*{7b89b488-0fbf-4120-857f-850232c2477f}*SharedItemsImports = 5
		GiphyClient\GiphyClient.Shared\GiphyClient.Shared.projitems*{91d0077f-3584-47f3-b7e3-3ca16b2c9c83}*SharedItemsImports = 4
		GiphyClient\GiphyClient.Shared\GiphyClient.Shared.projitems*{a987a861-61dc-48c6-bd55-9b8d71580134}*SharedItemsImports = 4
		GiphyClient\GiphyClient.Shared\GiphyClient.Shared.projitems*{e7a2e056-a10f-445b-bf2e-66abb44a8e6d}*SharedItemsImports = 4
		GiphyClient\GiphyClient.Shared\GiphyClient.Shared.projitems*{e8d71f43-4411-4644-82cf-33b231ea59ec}*SharedItemsImports = 4
	EndGlobalSection
	GlobalSection(SolutionConfigurationPlatforms) = preSolution
		Ad-Hoc|Any CPU = Ad-Hoc|Any CPU
		Ad-Hoc|ARM = Ad-Hoc|ARM
		Ad-Hoc|ARM64 = Ad-Hoc|ARM64
		Ad-Hoc|iPhone = Ad-Hoc|iPhone
		Ad-Hoc|iPhoneSimulator = Ad-Hoc|iPhoneSimulator
		Ad-Hoc|x64 = Ad-Hoc|x64
		Ad-Hoc|x86 = Ad-Hoc|x86
		AppStore|Any CPU = AppStore|Any CPU
		AppStore|ARM = AppStore|ARM
		AppStore|ARM64 = AppStore|ARM64
		AppStore|iPhone = AppStore|iPhone
		AppStore|iPhoneSimulator = AppStore|iPhoneSimulator
		AppStore|x64 = AppStore|x64
		AppStore|x86 = AppStore|x86
		Debug|Any CPU = Debug|Any CPU
		Debug|ARM = Debug|ARM
		Debug|ARM64 = Debug|ARM64
		Debug|iPhone = Debug|iPhone
		Debug|iPhoneSimulator = Debug|iPhoneSimulator
		Debug|x64 = Debug|x64
		Debug|x86 = Debug|x86
		Release|Any CPU = Release|Any CPU
		Release|ARM = Release|ARM
		Release|ARM64 = Release|ARM64
		Release|iPhone = Release|iPhone
		Release|iPhoneSimulator = Release|iPhoneSimulator
		Release|x64 = Release|x64
		Release|x86 = Release|x86
	EndGlobalSection
	GlobalSection(ProjectConfigurationPlatforms) = postSolution
		{E7A2E056-A10F-445B-BF2E-66ABB44A8E6D}.Ad-Hoc|Any CPU.ActiveCfg = Debug|Any CPU
		{E7A2E056-A10F-445B-BF2E-66ABB44A8E6D}.Ad-Hoc|Any CPU.Build.0 = Debug|Any CPU
		{E7A2E056-A10F-445B-BF2E-66ABB44A8E6D}.Ad-Hoc|Any CPU.Deploy.0 = Debug|Any CPU
		{E7A2E056-A10F-445B-BF2E-66ABB44A8E6D}.Ad-Hoc|ARM.ActiveCfg = Debug|Any CPU
		{E7A2E056-A10F-445B-BF2E-66ABB44A8E6D}.Ad-Hoc|ARM.Build.0 = Debug|Any CPU
		{E7A2E056-A10F-445B-BF2E-66ABB44A8E6D}.Ad-Hoc|ARM.Deploy.0 = Debug|Any CPU
		{E7A2E056-A10F-445B-BF2E-66ABB44A8E6D}.Ad-Hoc|ARM64.ActiveCfg = Debug|Any CPU
		{E7A2E056-A10F-445B-BF2E-66ABB44A8E6D}.Ad-Hoc|ARM64.Build.0 = Debug|Any CPU
		{E7A2E056-A10F-445B-BF2E-66ABB44A8E6D}.Ad-Hoc|ARM64.Deploy.0 = Debug|Any CPU
		{E7A2E056-A10F-445B-BF2E-66ABB44A8E6D}.Ad-Hoc|iPhone.ActiveCfg = Debug|Any CPU
		{E7A2E056-A10F-445B-BF2E-66ABB44A8E6D}.Ad-Hoc|iPhone.Build.0 = Debug|Any CPU
		{E7A2E056-A10F-445B-BF2E-66ABB44A8E6D}.Ad-Hoc|iPhone.Deploy.0 = Debug|Any CPU
		{E7A2E056-A10F-445B-BF2E-66ABB44A8E6D}.Ad-Hoc|iPhoneSimulator.ActiveCfg = Debug|Any CPU
		{E7A2E056-A10F-445B-BF2E-66ABB44A8E6D}.Ad-Hoc|iPhoneSimulator.Build.0 = Debug|Any CPU
		{E7A2E056-A10F-445B-BF2E-66ABB44A8E6D}.Ad-Hoc|iPhoneSimulator.Deploy.0 = Debug|Any CPU
		{E7A2E056-A10F-445B-BF2E-66ABB44A8E6D}.Ad-Hoc|x64.ActiveCfg = Debug|Any CPU
		{E7A2E056-A10F-445B-BF2E-66ABB44A8E6D}.Ad-Hoc|x64.Build.0 = Debug|Any CPU
		{E7A2E056-A10F-445B-BF2E-66ABB44A8E6D}.Ad-Hoc|x64.Deploy.0 = Debug|Any CPU
		{E7A2E056-A10F-445B-BF2E-66ABB44A8E6D}.Ad-Hoc|x86.ActiveCfg = Debug|Any CPU
		{E7A2E056-A10F-445B-BF2E-66ABB44A8E6D}.Ad-Hoc|x86.Build.0 = Debug|Any CPU
		{E7A2E056-A10F-445B-BF2E-66ABB44A8E6D}.Ad-Hoc|x86.Deploy.0 = Debug|Any CPU
		{E7A2E056-A10F-445B-BF2E-66ABB44A8E6D}.AppStore|Any CPU.ActiveCfg = Debug|Any CPU
		{E7A2E056-A10F-445B-BF2E-66ABB44A8E6D}.AppStore|Any CPU.Build.0 = Debug|Any CPU
		{E7A2E056-A10F-445B-BF2E-66ABB44A8E6D}.AppStore|Any CPU.Deploy.0 = Debug|Any CPU
		{E7A2E056-A10F-445B-BF2E-66ABB44A8E6D}.AppStore|ARM.ActiveCfg = Debug|Any CPU
		{E7A2E056-A10F-445B-BF2E-66ABB44A8E6D}.AppStore|ARM.Build.0 = Debug|Any CPU
		{E7A2E056-A10F-445B-BF2E-66ABB44A8E6D}.AppStore|ARM.Deploy.0 = Debug|Any CPU
		{E7A2E056-A10F-445B-BF2E-66ABB44A8E6D}.AppStore|ARM64.ActiveCfg = Debug|Any CPU
		{E7A2E056-A10F-445B-BF2E-66ABB44A8E6D}.AppStore|ARM64.Build.0 = Debug|Any CPU
		{E7A2E056-A10F-445B-BF2E-66ABB44A8E6D}.AppStore|ARM64.Deploy.0 = Debug|Any CPU
		{E7A2E056-A10F-445B-BF2E-66ABB44A8E6D}.AppStore|iPhone.ActiveCfg = Debug|Any CPU
		{E7A2E056-A10F-445B-BF2E-66ABB44A8E6D}.AppStore|iPhone.Build.0 = Debug|Any CPU
		{E7A2E056-A10F-445B-BF2E-66ABB44A8E6D}.AppStore|iPhone.Deploy.0 = Debug|Any CPU
		{E7A2E056-A10F-445B-BF2E-66ABB44A8E6D}.AppStore|iPhoneSimulator.ActiveCfg = Debug|Any CPU
		{E7A2E056-A10F-445B-BF2E-66ABB44A8E6D}.AppStore|iPhoneSimulator.Build.0 = Debug|Any CPU
		{E7A2E056-A10F-445B-BF2E-66ABB44A8E6D}.AppStore|iPhoneSimulator.Deploy.0 = Debug|Any CPU
		{E7A2E056-A10F-445B-BF2E-66ABB44A8E6D}.AppStore|x64.ActiveCfg = Debug|Any CPU
		{E7A2E056-A10F-445B-BF2E-66ABB44A8E6D}.AppStore|x64.Build.0 = Debug|Any CPU
		{E7A2E056-A10F-445B-BF2E-66ABB44A8E6D}.AppStore|x64.Deploy.0 = Debug|Any CPU
		{E7A2E056-A10F-445B-BF2E-66ABB44A8E6D}.AppStore|x86.ActiveCfg = Debug|Any CPU
		{E7A2E056-A10F-445B-BF2E-66ABB44A8E6D}.AppStore|x86.Build.0 = Debug|Any CPU
		{E7A2E056-A10F-445B-BF2E-66ABB44A8E6D}.AppStore|x86.Deploy.0 = Debug|Any CPU
		{E7A2E056-A10F-445B-BF2E-66ABB44A8E6D}.Debug|Any CPU.ActiveCfg = Debug|Any CPU
		{E7A2E056-A10F-445B-BF2E-66ABB44A8E6D}.Debug|Any CPU.Build.0 = Debug|Any CPU
		{E7A2E056-A10F-445B-BF2E-66ABB44A8E6D}.Debug|Any CPU.Deploy.0 = Debug|Any CPU
		{E7A2E056-A10F-445B-BF2E-66ABB44A8E6D}.Debug|ARM.ActiveCfg = Debug|Any CPU
		{E7A2E056-A10F-445B-BF2E-66ABB44A8E6D}.Debug|ARM.Build.0 = Debug|Any CPU
		{E7A2E056-A10F-445B-BF2E-66ABB44A8E6D}.Debug|ARM.Deploy.0 = Debug|Any CPU
		{E7A2E056-A10F-445B-BF2E-66ABB44A8E6D}.Debug|ARM64.ActiveCfg = Debug|Any CPU
		{E7A2E056-A10F-445B-BF2E-66ABB44A8E6D}.Debug|ARM64.Build.0 = Debug|Any CPU
		{E7A2E056-A10F-445B-BF2E-66ABB44A8E6D}.Debug|ARM64.Deploy.0 = Debug|Any CPU
		{E7A2E056-A10F-445B-BF2E-66ABB44A8E6D}.Debug|iPhone.ActiveCfg = Debug|Any CPU
		{E7A2E056-A10F-445B-BF2E-66ABB44A8E6D}.Debug|iPhone.Build.0 = Debug|Any CPU
		{E7A2E056-A10F-445B-BF2E-66ABB44A8E6D}.Debug|iPhone.Deploy.0 = Debug|Any CPU
		{E7A2E056-A10F-445B-BF2E-66ABB44A8E6D}.Debug|iPhoneSimulator.ActiveCfg = Debug|Any CPU
		{E7A2E056-A10F-445B-BF2E-66ABB44A8E6D}.Debug|iPhoneSimulator.Build.0 = Debug|Any CPU
		{E7A2E056-A10F-445B-BF2E-66ABB44A8E6D}.Debug|iPhoneSimulator.Deploy.0 = Debug|Any CPU
		{E7A2E056-A10F-445B-BF2E-66ABB44A8E6D}.Debug|x64.ActiveCfg = Debug|Any CPU
		{E7A2E056-A10F-445B-BF2E-66ABB44A8E6D}.Debug|x64.Build.0 = Debug|Any CPU
		{E7A2E056-A10F-445B-BF2E-66ABB44A8E6D}.Debug|x64.Deploy.0 = Debug|Any CPU
		{E7A2E056-A10F-445B-BF2E-66ABB44A8E6D}.Debug|x86.ActiveCfg = Debug|Any CPU
		{E7A2E056-A10F-445B-BF2E-66ABB44A8E6D}.Debug|x86.Build.0 = Debug|Any CPU
		{E7A2E056-A10F-445B-BF2E-66ABB44A8E6D}.Debug|x86.Deploy.0 = Debug|Any CPU
		{E7A2E056-A10F-445B-BF2E-66ABB44A8E6D}.Release|Any CPU.ActiveCfg = Release|Any CPU
		{E7A2E056-A10F-445B-BF2E-66ABB44A8E6D}.Release|Any CPU.Build.0 = Release|Any CPU
		{E7A2E056-A10F-445B-BF2E-66ABB44A8E6D}.Release|Any CPU.Deploy.0 = Release|Any CPU
		{E7A2E056-A10F-445B-BF2E-66ABB44A8E6D}.Release|ARM.ActiveCfg = Release|Any CPU
		{E7A2E056-A10F-445B-BF2E-66ABB44A8E6D}.Release|ARM.Build.0 = Release|Any CPU
		{E7A2E056-A10F-445B-BF2E-66ABB44A8E6D}.Release|ARM.Deploy.0 = Release|Any CPU
		{E7A2E056-A10F-445B-BF2E-66ABB44A8E6D}.Release|ARM64.ActiveCfg = Release|Any CPU
		{E7A2E056-A10F-445B-BF2E-66ABB44A8E6D}.Release|ARM64.Build.0 = Release|Any CPU
		{E7A2E056-A10F-445B-BF2E-66ABB44A8E6D}.Release|ARM64.Deploy.0 = Release|Any CPU
		{E7A2E056-A10F-445B-BF2E-66ABB44A8E6D}.Release|iPhone.ActiveCfg = Release|Any CPU
		{E7A2E056-A10F-445B-BF2E-66ABB44A8E6D}.Release|iPhone.Build.0 = Release|Any CPU
		{E7A2E056-A10F-445B-BF2E-66ABB44A8E6D}.Release|iPhone.Deploy.0 = Release|Any CPU
		{E7A2E056-A10F-445B-BF2E-66ABB44A8E6D}.Release|iPhoneSimulator.ActiveCfg = Release|Any CPU
		{E7A2E056-A10F-445B-BF2E-66ABB44A8E6D}.Release|iPhoneSimulator.Build.0 = Release|Any CPU
		{E7A2E056-A10F-445B-BF2E-66ABB44A8E6D}.Release|iPhoneSimulator.Deploy.0 = Release|Any CPU
		{E7A2E056-A10F-445B-BF2E-66ABB44A8E6D}.Release|x64.ActiveCfg = Release|Any CPU
		{E7A2E056-A10F-445B-BF2E-66ABB44A8E6D}.Release|x64.Build.0 = Release|Any CPU
		{E7A2E056-A10F-445B-BF2E-66ABB44A8E6D}.Release|x64.Deploy.0 = Release|Any CPU
		{E7A2E056-A10F-445B-BF2E-66ABB44A8E6D}.Release|x86.ActiveCfg = Release|Any CPU
		{E7A2E056-A10F-445B-BF2E-66ABB44A8E6D}.Release|x86.Build.0 = Release|Any CPU
		{E7A2E056-A10F-445B-BF2E-66ABB44A8E6D}.Release|x86.Deploy.0 = Release|Any CPU
		{E8D71F43-4411-4644-82CF-33B231EA59EC}.Ad-Hoc|Any CPU.ActiveCfg = Ad-Hoc|iPhoneSimulator
		{E8D71F43-4411-4644-82CF-33B231EA59EC}.Ad-Hoc|ARM.ActiveCfg = Ad-Hoc|iPhoneSimulator
		{E8D71F43-4411-4644-82CF-33B231EA59EC}.Ad-Hoc|ARM64.ActiveCfg = Ad-Hoc|iPhoneSimulator
		{E8D71F43-4411-4644-82CF-33B231EA59EC}.Ad-Hoc|iPhone.ActiveCfg = Ad-Hoc|iPhone
		{E8D71F43-4411-4644-82CF-33B231EA59EC}.Ad-Hoc|iPhone.Build.0 = Ad-Hoc|iPhone
		{E8D71F43-4411-4644-82CF-33B231EA59EC}.Ad-Hoc|iPhoneSimulator.ActiveCfg = Ad-Hoc|iPhoneSimulator
		{E8D71F43-4411-4644-82CF-33B231EA59EC}.Ad-Hoc|iPhoneSimulator.Build.0 = Ad-Hoc|iPhoneSimulator
		{E8D71F43-4411-4644-82CF-33B231EA59EC}.Ad-Hoc|x64.ActiveCfg = Ad-Hoc|iPhoneSimulator
		{E8D71F43-4411-4644-82CF-33B231EA59EC}.Ad-Hoc|x86.ActiveCfg = Ad-Hoc|iPhoneSimulator
		{E8D71F43-4411-4644-82CF-33B231EA59EC}.AppStore|Any CPU.ActiveCfg = AppStore|iPhoneSimulator
		{E8D71F43-4411-4644-82CF-33B231EA59EC}.AppStore|ARM.ActiveCfg = AppStore|iPhoneSimulator
		{E8D71F43-4411-4644-82CF-33B231EA59EC}.AppStore|ARM64.ActiveCfg = AppStore|iPhoneSimulator
		{E8D71F43-4411-4644-82CF-33B231EA59EC}.AppStore|iPhone.ActiveCfg = AppStore|iPhone
		{E8D71F43-4411-4644-82CF-33B231EA59EC}.AppStore|iPhone.Build.0 = AppStore|iPhone
		{E8D71F43-4411-4644-82CF-33B231EA59EC}.AppStore|iPhoneSimulator.ActiveCfg = AppStore|iPhoneSimulator
		{E8D71F43-4411-4644-82CF-33B231EA59EC}.AppStore|iPhoneSimulator.Build.0 = AppStore|iPhoneSimulator
		{E8D71F43-4411-4644-82CF-33B231EA59EC}.AppStore|x64.ActiveCfg = AppStore|iPhoneSimulator
		{E8D71F43-4411-4644-82CF-33B231EA59EC}.AppStore|x86.ActiveCfg = AppStore|iPhoneSimulator
		{E8D71F43-4411-4644-82CF-33B231EA59EC}.Debug|Any CPU.ActiveCfg = Debug|iPhoneSimulator
		{E8D71F43-4411-4644-82CF-33B231EA59EC}.Debug|ARM.ActiveCfg = Debug|iPhoneSimulator
		{E8D71F43-4411-4644-82CF-33B231EA59EC}.Debug|ARM64.ActiveCfg = Debug|iPhoneSimulator
		{E8D71F43-4411-4644-82CF-33B231EA59EC}.Debug|iPhone.ActiveCfg = Debug|iPhone
		{E8D71F43-4411-4644-82CF-33B231EA59EC}.Debug|iPhone.Build.0 = Debug|iPhone
		{E8D71F43-4411-4644-82CF-33B231EA59EC}.Debug|iPhoneSimulator.ActiveCfg = Debug|iPhoneSimulator
		{E8D71F43-4411-4644-82CF-33B231EA59EC}.Debug|iPhoneSimulator.Build.0 = Debug|iPhoneSimulator
		{E8D71F43-4411-4644-82CF-33B231EA59EC}.Debug|x64.ActiveCfg = Debug|iPhoneSimulator
		{E8D71F43-4411-4644-82CF-33B231EA59EC}.Debug|x86.ActiveCfg = Debug|iPhoneSimulator
		{E8D71F43-4411-4644-82CF-33B231EA59EC}.Release|Any CPU.ActiveCfg = Release|iPhoneSimulator
		{E8D71F43-4411-4644-82CF-33B231EA59EC}.Release|ARM.ActiveCfg = Release|iPhoneSimulator
		{E8D71F43-4411-4644-82CF-33B231EA59EC}.Release|ARM64.ActiveCfg = Release|iPhoneSimulator
		{E8D71F43-4411-4644-82CF-33B231EA59EC}.Release|iPhone.ActiveCfg = Release|iPhone
		{E8D71F43-4411-4644-82CF-33B231EA59EC}.Release|iPhone.Build.0 = Release|iPhone
		{E8D71F43-4411-4644-82CF-33B231EA59EC}.Release|iPhoneSimulator.ActiveCfg = Release|iPhoneSimulator
		{E8D71F43-4411-4644-82CF-33B231EA59EC}.Release|iPhoneSimulator.Build.0 = Release|iPhoneSimulator
		{E8D71F43-4411-4644-82CF-33B231EA59EC}.Release|x64.ActiveCfg = Release|iPhoneSimulator
		{E8D71F43-4411-4644-82CF-33B231EA59EC}.Release|x86.ActiveCfg = Release|iPhoneSimulator
		{A987A861-61DC-48C6-BD55-9B8D71580134}.Ad-Hoc|Any CPU.ActiveCfg = Debug|x86
		{A987A861-61DC-48C6-BD55-9B8D71580134}.Ad-Hoc|Any CPU.Build.0 = Debug|x86
		{A987A861-61DC-48C6-BD55-9B8D71580134}.Ad-Hoc|Any CPU.Deploy.0 = Debug|x86
		{A987A861-61DC-48C6-BD55-9B8D71580134}.Ad-Hoc|ARM.ActiveCfg = Debug|ARM
		{A987A861-61DC-48C6-BD55-9B8D71580134}.Ad-Hoc|ARM.Build.0 = Debug|ARM
		{A987A861-61DC-48C6-BD55-9B8D71580134}.Ad-Hoc|ARM.Deploy.0 = Debug|ARM
		{A987A861-61DC-48C6-BD55-9B8D71580134}.Ad-Hoc|ARM64.ActiveCfg = Debug|ARM64
		{A987A861-61DC-48C6-BD55-9B8D71580134}.Ad-Hoc|ARM64.Build.0 = Debug|ARM64
		{A987A861-61DC-48C6-BD55-9B8D71580134}.Ad-Hoc|ARM64.Deploy.0 = Debug|ARM64
		{A987A861-61DC-48C6-BD55-9B8D71580134}.Ad-Hoc|iPhone.ActiveCfg = Debug|x86
		{A987A861-61DC-48C6-BD55-9B8D71580134}.Ad-Hoc|iPhone.Build.0 = Debug|x86
		{A987A861-61DC-48C6-BD55-9B8D71580134}.Ad-Hoc|iPhone.Deploy.0 = Debug|x86
		{A987A861-61DC-48C6-BD55-9B8D71580134}.Ad-Hoc|iPhoneSimulator.ActiveCfg = Debug|x86
		{A987A861-61DC-48C6-BD55-9B8D71580134}.Ad-Hoc|iPhoneSimulator.Build.0 = Debug|x86
		{A987A861-61DC-48C6-BD55-9B8D71580134}.Ad-Hoc|iPhoneSimulator.Deploy.0 = Debug|x86
		{A987A861-61DC-48C6-BD55-9B8D71580134}.Ad-Hoc|x64.ActiveCfg = Debug|x64
		{A987A861-61DC-48C6-BD55-9B8D71580134}.Ad-Hoc|x64.Build.0 = Debug|x64
		{A987A861-61DC-48C6-BD55-9B8D71580134}.Ad-Hoc|x64.Deploy.0 = Debug|x64
		{A987A861-61DC-48C6-BD55-9B8D71580134}.Ad-Hoc|x86.ActiveCfg = Debug|x86
		{A987A861-61DC-48C6-BD55-9B8D71580134}.Ad-Hoc|x86.Build.0 = Debug|x86
		{A987A861-61DC-48C6-BD55-9B8D71580134}.Ad-Hoc|x86.Deploy.0 = Debug|x86
		{A987A861-61DC-48C6-BD55-9B8D71580134}.AppStore|Any CPU.ActiveCfg = Debug|x86
		{A987A861-61DC-48C6-BD55-9B8D71580134}.AppStore|Any CPU.Build.0 = Debug|x86
		{A987A861-61DC-48C6-BD55-9B8D71580134}.AppStore|Any CPU.Deploy.0 = Debug|x86
		{A987A861-61DC-48C6-BD55-9B8D71580134}.AppStore|ARM.ActiveCfg = Debug|ARM
		{A987A861-61DC-48C6-BD55-9B8D71580134}.AppStore|ARM.Build.0 = Debug|ARM
		{A987A861-61DC-48C6-BD55-9B8D71580134}.AppStore|ARM.Deploy.0 = Debug|ARM
		{A987A861-61DC-48C6-BD55-9B8D71580134}.AppStore|ARM64.ActiveCfg = Debug|ARM64
		{A987A861-61DC-48C6-BD55-9B8D71580134}.AppStore|ARM64.Build.0 = Debug|ARM64
		{A987A861-61DC-48C6-BD55-9B8D71580134}.AppStore|ARM64.Deploy.0 = Debug|ARM64
		{A987A861-61DC-48C6-BD55-9B8D71580134}.AppStore|iPhone.ActiveCfg = Debug|x86
		{A987A861-61DC-48C6-BD55-9B8D71580134}.AppStore|iPhone.Build.0 = Debug|x86
		{A987A861-61DC-48C6-BD55-9B8D71580134}.AppStore|iPhone.Deploy.0 = Debug|x86
		{A987A861-61DC-48C6-BD55-9B8D71580134}.AppStore|iPhoneSimulator.ActiveCfg = Debug|x86
		{A987A861-61DC-48C6-BD55-9B8D71580134}.AppStore|iPhoneSimulator.Build.0 = Debug|x86
		{A987A861-61DC-48C6-BD55-9B8D71580134}.AppStore|iPhoneSimulator.Deploy.0 = Debug|x86
		{A987A861-61DC-48C6-BD55-9B8D71580134}.AppStore|x64.ActiveCfg = Debug|x64
		{A987A861-61DC-48C6-BD55-9B8D71580134}.AppStore|x64.Build.0 = Debug|x64
		{A987A861-61DC-48C6-BD55-9B8D71580134}.AppStore|x64.Deploy.0 = Debug|x64
		{A987A861-61DC-48C6-BD55-9B8D71580134}.AppStore|x86.ActiveCfg = Debug|x86
		{A987A861-61DC-48C6-BD55-9B8D71580134}.AppStore|x86.Build.0 = Debug|x86
		{A987A861-61DC-48C6-BD55-9B8D71580134}.AppStore|x86.Deploy.0 = Debug|x86
		{A987A861-61DC-48C6-BD55-9B8D71580134}.Debug|Any CPU.ActiveCfg = Debug|x86
		{A987A861-61DC-48C6-BD55-9B8D71580134}.Debug|Any CPU.Build.0 = Debug|x86
		{A987A861-61DC-48C6-BD55-9B8D71580134}.Debug|Any CPU.Deploy.0 = Debug|x86
		{A987A861-61DC-48C6-BD55-9B8D71580134}.Debug|ARM.ActiveCfg = Debug|ARM
		{A987A861-61DC-48C6-BD55-9B8D71580134}.Debug|ARM.Build.0 = Debug|ARM
		{A987A861-61DC-48C6-BD55-9B8D71580134}.Debug|ARM.Deploy.0 = Debug|ARM
		{A987A861-61DC-48C6-BD55-9B8D71580134}.Debug|ARM64.ActiveCfg = Debug|ARM64
		{A987A861-61DC-48C6-BD55-9B8D71580134}.Debug|ARM64.Build.0 = Debug|ARM64
		{A987A861-61DC-48C6-BD55-9B8D71580134}.Debug|ARM64.Deploy.0 = Debug|ARM64
		{A987A861-61DC-48C6-BD55-9B8D71580134}.Debug|iPhone.ActiveCfg = Debug|x86
		{A987A861-61DC-48C6-BD55-9B8D71580134}.Debug|iPhoneSimulator.ActiveCfg = Debug|x86
		{A987A861-61DC-48C6-BD55-9B8D71580134}.Debug|x64.ActiveCfg = Debug|x64
		{A987A861-61DC-48C6-BD55-9B8D71580134}.Debug|x64.Build.0 = Debug|x64
		{A987A861-61DC-48C6-BD55-9B8D71580134}.Debug|x64.Deploy.0 = Debug|x64
		{A987A861-61DC-48C6-BD55-9B8D71580134}.Debug|x86.ActiveCfg = Debug|x86
		{A987A861-61DC-48C6-BD55-9B8D71580134}.Debug|x86.Build.0 = Debug|x86
		{A987A861-61DC-48C6-BD55-9B8D71580134}.Debug|x86.Deploy.0 = Debug|x86
		{A987A861-61DC-48C6-BD55-9B8D71580134}.Release|Any CPU.ActiveCfg = Release|x86
		{A987A861-61DC-48C6-BD55-9B8D71580134}.Release|ARM.ActiveCfg = Release|ARM
		{A987A861-61DC-48C6-BD55-9B8D71580134}.Release|ARM.Build.0 = Release|ARM
		{A987A861-61DC-48C6-BD55-9B8D71580134}.Release|ARM.Deploy.0 = Release|ARM
		{A987A861-61DC-48C6-BD55-9B8D71580134}.Release|ARM64.ActiveCfg = Release|ARM64
		{A987A861-61DC-48C6-BD55-9B8D71580134}.Release|ARM64.Build.0 = Release|ARM64
		{A987A861-61DC-48C6-BD55-9B8D71580134}.Release|ARM64.Deploy.0 = Release|ARM64
		{A987A861-61DC-48C6-BD55-9B8D71580134}.Release|iPhone.ActiveCfg = Release|x86
		{A987A861-61DC-48C6-BD55-9B8D71580134}.Release|iPhoneSimulator.ActiveCfg = Release|x86
		{A987A861-61DC-48C6-BD55-9B8D71580134}.Release|x64.ActiveCfg = Release|x64
		{A987A861-61DC-48C6-BD55-9B8D71580134}.Release|x64.Build.0 = Release|x64
		{A987A861-61DC-48C6-BD55-9B8D71580134}.Release|x64.Deploy.0 = Release|x64
		{A987A861-61DC-48C6-BD55-9B8D71580134}.Release|x86.ActiveCfg = Release|x86
		{A987A861-61DC-48C6-BD55-9B8D71580134}.Release|x86.Build.0 = Release|x86
		{A987A861-61DC-48C6-BD55-9B8D71580134}.Release|x86.Deploy.0 = Release|x86
		{687A8D6F-D39A-4844-BD41-863B1B59F92C}.Ad-Hoc|Any CPU.ActiveCfg = Debug|Any CPU
		{687A8D6F-D39A-4844-BD41-863B1B59F92C}.Ad-Hoc|Any CPU.Build.0 = Debug|Any CPU
		{687A8D6F-D39A-4844-BD41-863B1B59F92C}.Ad-Hoc|ARM.ActiveCfg = Debug|Any CPU
		{687A8D6F-D39A-4844-BD41-863B1B59F92C}.Ad-Hoc|ARM.Build.0 = Debug|Any CPU
		{687A8D6F-D39A-4844-BD41-863B1B59F92C}.Ad-Hoc|ARM64.ActiveCfg = Debug|Any CPU
		{687A8D6F-D39A-4844-BD41-863B1B59F92C}.Ad-Hoc|ARM64.Build.0 = Debug|Any CPU
		{687A8D6F-D39A-4844-BD41-863B1B59F92C}.Ad-Hoc|iPhone.ActiveCfg = Debug|Any CPU
		{687A8D6F-D39A-4844-BD41-863B1B59F92C}.Ad-Hoc|iPhone.Build.0 = Debug|Any CPU
		{687A8D6F-D39A-4844-BD41-863B1B59F92C}.Ad-Hoc|iPhoneSimulator.ActiveCfg = Debug|Any CPU
		{687A8D6F-D39A-4844-BD41-863B1B59F92C}.Ad-Hoc|iPhoneSimulator.Build.0 = Debug|Any CPU
		{687A8D6F-D39A-4844-BD41-863B1B59F92C}.Ad-Hoc|x64.ActiveCfg = Debug|Any CPU
		{687A8D6F-D39A-4844-BD41-863B1B59F92C}.Ad-Hoc|x64.Build.0 = Debug|Any CPU
		{687A8D6F-D39A-4844-BD41-863B1B59F92C}.Ad-Hoc|x86.ActiveCfg = Debug|Any CPU
		{687A8D6F-D39A-4844-BD41-863B1B59F92C}.Ad-Hoc|x86.Build.0 = Debug|Any CPU
		{687A8D6F-D39A-4844-BD41-863B1B59F92C}.AppStore|Any CPU.ActiveCfg = Debug|Any CPU
		{687A8D6F-D39A-4844-BD41-863B1B59F92C}.AppStore|Any CPU.Build.0 = Debug|Any CPU
		{687A8D6F-D39A-4844-BD41-863B1B59F92C}.AppStore|ARM.ActiveCfg = Debug|Any CPU
		{687A8D6F-D39A-4844-BD41-863B1B59F92C}.AppStore|ARM.Build.0 = Debug|Any CPU
		{687A8D6F-D39A-4844-BD41-863B1B59F92C}.AppStore|ARM64.ActiveCfg = Debug|Any CPU
		{687A8D6F-D39A-4844-BD41-863B1B59F92C}.AppStore|ARM64.Build.0 = Debug|Any CPU
		{687A8D6F-D39A-4844-BD41-863B1B59F92C}.AppStore|iPhone.ActiveCfg = Debug|Any CPU
		{687A8D6F-D39A-4844-BD41-863B1B59F92C}.AppStore|iPhone.Build.0 = Debug|Any CPU
		{687A8D6F-D39A-4844-BD41-863B1B59F92C}.AppStore|iPhoneSimulator.ActiveCfg = Debug|Any CPU
		{687A8D6F-D39A-4844-BD41-863B1B59F92C}.AppStore|iPhoneSimulator.Build.0 = Debug|Any CPU
		{687A8D6F-D39A-4844-BD41-863B1B59F92C}.AppStore|x64.ActiveCfg = Debug|Any CPU
		{687A8D6F-D39A-4844-BD41-863B1B59F92C}.AppStore|x64.Build.0 = Debug|Any CPU
		{687A8D6F-D39A-4844-BD41-863B1B59F92C}.AppStore|x86.ActiveCfg = Debug|Any CPU
		{687A8D6F-D39A-4844-BD41-863B1B59F92C}.AppStore|x86.Build.0 = Debug|Any CPU
		{687A8D6F-D39A-4844-BD41-863B1B59F92C}.Debug|Any CPU.ActiveCfg = Debug|Any CPU
		{687A8D6F-D39A-4844-BD41-863B1B59F92C}.Debug|Any CPU.Build.0 = Debug|Any CPU
		{687A8D6F-D39A-4844-BD41-863B1B59F92C}.Debug|ARM.ActiveCfg = Debug|Any CPU
		{687A8D6F-D39A-4844-BD41-863B1B59F92C}.Debug|ARM.Build.0 = Debug|Any CPU
		{687A8D6F-D39A-4844-BD41-863B1B59F92C}.Debug|ARM64.ActiveCfg = Debug|Any CPU
		{687A8D6F-D39A-4844-BD41-863B1B59F92C}.Debug|ARM64.Build.0 = Debug|Any CPU
		{687A8D6F-D39A-4844-BD41-863B1B59F92C}.Debug|iPhone.ActiveCfg = Debug|Any CPU
		{687A8D6F-D39A-4844-BD41-863B1B59F92C}.Debug|iPhone.Build.0 = Debug|Any CPU
		{687A8D6F-D39A-4844-BD41-863B1B59F92C}.Debug|iPhoneSimulator.ActiveCfg = Debug|Any CPU
		{687A8D6F-D39A-4844-BD41-863B1B59F92C}.Debug|iPhoneSimulator.Build.0 = Debug|Any CPU
		{687A8D6F-D39A-4844-BD41-863B1B59F92C}.Debug|x64.ActiveCfg = Debug|Any CPU
		{687A8D6F-D39A-4844-BD41-863B1B59F92C}.Debug|x64.Build.0 = Debug|Any CPU
		{687A8D6F-D39A-4844-BD41-863B1B59F92C}.Debug|x86.ActiveCfg = Debug|Any CPU
		{687A8D6F-D39A-4844-BD41-863B1B59F92C}.Debug|x86.Build.0 = Debug|Any CPU
		{687A8D6F-D39A-4844-BD41-863B1B59F92C}.Release|Any CPU.ActiveCfg = Release|Any CPU
		{687A8D6F-D39A-4844-BD41-863B1B59F92C}.Release|Any CPU.Build.0 = Release|Any CPU
		{687A8D6F-D39A-4844-BD41-863B1B59F92C}.Release|ARM.ActiveCfg = Release|Any CPU
		{687A8D6F-D39A-4844-BD41-863B1B59F92C}.Release|ARM.Build.0 = Release|Any CPU
		{687A8D6F-D39A-4844-BD41-863B1B59F92C}.Release|ARM64.ActiveCfg = Release|Any CPU
		{687A8D6F-D39A-4844-BD41-863B1B59F92C}.Release|ARM64.Build.0 = Release|Any CPU
		{687A8D6F-D39A-4844-BD41-863B1B59F92C}.Release|iPhone.ActiveCfg = Release|Any CPU
		{687A8D6F-D39A-4844-BD41-863B1B59F92C}.Release|iPhone.Build.0 = Release|Any CPU
		{687A8D6F-D39A-4844-BD41-863B1B59F92C}.Release|iPhoneSimulator.ActiveCfg = Release|Any CPU
		{687A8D6F-D39A-4844-BD41-863B1B59F92C}.Release|iPhoneSimulator.Build.0 = Release|Any CPU
		{687A8D6F-D39A-4844-BD41-863B1B59F92C}.Release|x64.ActiveCfg = Release|Any CPU
		{687A8D6F-D39A-4844-BD41-863B1B59F92C}.Release|x64.Build.0 = Release|Any CPU
		{687A8D6F-D39A-4844-BD41-863B1B59F92C}.Release|x86.ActiveCfg = Release|Any CPU
		{687A8D6F-D39A-4844-BD41-863B1B59F92C}.Release|x86.Build.0 = Release|Any CPU
		{91D0077F-3584-47F3-B7E3-3CA16B2C9C83}.Ad-Hoc|Any CPU.ActiveCfg = Debug|iPhoneSimulator
		{91D0077F-3584-47F3-B7E3-3CA16B2C9C83}.Ad-Hoc|Any CPU.Build.0 = Debug|iPhoneSimulator
		{91D0077F-3584-47F3-B7E3-3CA16B2C9C83}.Ad-Hoc|ARM.ActiveCfg = Debug|iPhoneSimulator
		{91D0077F-3584-47F3-B7E3-3CA16B2C9C83}.Ad-Hoc|ARM.Build.0 = Debug|iPhoneSimulator
		{91D0077F-3584-47F3-B7E3-3CA16B2C9C83}.Ad-Hoc|ARM64.ActiveCfg = Debug|iPhoneSimulator
		{91D0077F-3584-47F3-B7E3-3CA16B2C9C83}.Ad-Hoc|ARM64.Build.0 = Debug|iPhoneSimulator
		{91D0077F-3584-47F3-B7E3-3CA16B2C9C83}.Ad-Hoc|iPhone.ActiveCfg = Debug|iPhoneSimulator
		{91D0077F-3584-47F3-B7E3-3CA16B2C9C83}.Ad-Hoc|iPhone.Build.0 = Debug|iPhoneSimulator
		{91D0077F-3584-47F3-B7E3-3CA16B2C9C83}.Ad-Hoc|iPhoneSimulator.ActiveCfg = Debug|iPhoneSimulator
		{91D0077F-3584-47F3-B7E3-3CA16B2C9C83}.Ad-Hoc|iPhoneSimulator.Build.0 = Debug|iPhoneSimulator
		{91D0077F-3584-47F3-B7E3-3CA16B2C9C83}.Ad-Hoc|x64.ActiveCfg = Debug|iPhoneSimulator
		{91D0077F-3584-47F3-B7E3-3CA16B2C9C83}.Ad-Hoc|x64.Build.0 = Debug|iPhoneSimulator
		{91D0077F-3584-47F3-B7E3-3CA16B2C9C83}.Ad-Hoc|x86.ActiveCfg = Debug|iPhoneSimulator
		{91D0077F-3584-47F3-B7E3-3CA16B2C9C83}.Ad-Hoc|x86.Build.0 = Debug|iPhoneSimulator
		{91D0077F-3584-47F3-B7E3-3CA16B2C9C83}.AppStore|Any CPU.ActiveCfg = Debug|iPhoneSimulator
		{91D0077F-3584-47F3-B7E3-3CA16B2C9C83}.AppStore|Any CPU.Build.0 = Debug|iPhoneSimulator
		{91D0077F-3584-47F3-B7E3-3CA16B2C9C83}.AppStore|ARM.ActiveCfg = Debug|iPhoneSimulator
		{91D0077F-3584-47F3-B7E3-3CA16B2C9C83}.AppStore|ARM.Build.0 = Debug|iPhoneSimulator
		{91D0077F-3584-47F3-B7E3-3CA16B2C9C83}.AppStore|ARM64.ActiveCfg = Debug|iPhoneSimulator
		{91D0077F-3584-47F3-B7E3-3CA16B2C9C83}.AppStore|ARM64.Build.0 = Debug|iPhoneSimulator
		{91D0077F-3584-47F3-B7E3-3CA16B2C9C83}.AppStore|iPhone.ActiveCfg = Debug|iPhoneSimulator
		{91D0077F-3584-47F3-B7E3-3CA16B2C9C83}.AppStore|iPhone.Build.0 = Debug|iPhoneSimulator
		{91D0077F-3584-47F3-B7E3-3CA16B2C9C83}.AppStore|iPhoneSimulator.ActiveCfg = Debug|iPhoneSimulator
		{91D0077F-3584-47F3-B7E3-3CA16B2C9C83}.AppStore|iPhoneSimulator.Build.0 = Debug|iPhoneSimulator
		{91D0077F-3584-47F3-B7E3-3CA16B2C9C83}.AppStore|x64.ActiveCfg = Debug|iPhoneSimulator
		{91D0077F-3584-47F3-B7E3-3CA16B2C9C83}.AppStore|x64.Build.0 = Debug|iPhoneSimulator
		{91D0077F-3584-47F3-B7E3-3CA16B2C9C83}.AppStore|x86.ActiveCfg = Debug|iPhoneSimulator
		{91D0077F-3584-47F3-B7E3-3CA16B2C9C83}.AppStore|x86.Build.0 = Debug|iPhoneSimulator
		{91D0077F-3584-47F3-B7E3-3CA16B2C9C83}.Debug|Any CPU.ActiveCfg = Debug|iPhoneSimulator
		{91D0077F-3584-47F3-B7E3-3CA16B2C9C83}.Debug|ARM.ActiveCfg = Debug|iPhoneSimulator
		{91D0077F-3584-47F3-B7E3-3CA16B2C9C83}.Debug|ARM64.ActiveCfg = Debug|iPhoneSimulator
		{91D0077F-3584-47F3-B7E3-3CA16B2C9C83}.Debug|iPhone.ActiveCfg = Debug|iPhoneSimulator
		{91D0077F-3584-47F3-B7E3-3CA16B2C9C83}.Debug|iPhoneSimulator.ActiveCfg = Debug|iPhoneSimulator
		{91D0077F-3584-47F3-B7E3-3CA16B2C9C83}.Debug|iPhoneSimulator.Build.0 = Debug|iPhoneSimulator
		{91D0077F-3584-47F3-B7E3-3CA16B2C9C83}.Debug|x64.ActiveCfg = Debug|iPhoneSimulator
		{91D0077F-3584-47F3-B7E3-3CA16B2C9C83}.Debug|x86.ActiveCfg = Debug|iPhoneSimulator
		{91D0077F-3584-47F3-B7E3-3CA16B2C9C83}.Release|Any CPU.ActiveCfg = Release|iPhoneSimulator
		{91D0077F-3584-47F3-B7E3-3CA16B2C9C83}.Release|ARM.ActiveCfg = Release|iPhoneSimulator
		{91D0077F-3584-47F3-B7E3-3CA16B2C9C83}.Release|ARM64.ActiveCfg = Release|iPhoneSimulator
		{91D0077F-3584-47F3-B7E3-3CA16B2C9C83}.Release|iPhone.ActiveCfg = Release|iPhoneSimulator
		{91D0077F-3584-47F3-B7E3-3CA16B2C9C83}.Release|iPhoneSimulator.ActiveCfg = Release|iPhoneSimulator
		{91D0077F-3584-47F3-B7E3-3CA16B2C9C83}.Release|iPhoneSimulator.Build.0 = Release|iPhoneSimulator
		{91D0077F-3584-47F3-B7E3-3CA16B2C9C83}.Release|x64.ActiveCfg = Release|iPhoneSimulator
		{91D0077F-3584-47F3-B7E3-3CA16B2C9C83}.Release|x86.ActiveCfg = Release|iPhoneSimulator
		{F6DA558F-1F34-4940-AE7E-92FC89ED80D0}.Ad-Hoc|Any CPU.ActiveCfg = Debug|Any CPU
		{F6DA558F-1F34-4940-AE7E-92FC89ED80D0}.Ad-Hoc|Any CPU.Build.0 = Debug|Any CPU
		{F6DA558F-1F34-4940-AE7E-92FC89ED80D0}.Ad-Hoc|ARM.ActiveCfg = Debug|Any CPU
		{F6DA558F-1F34-4940-AE7E-92FC89ED80D0}.Ad-Hoc|ARM.Build.0 = Debug|Any CPU
		{F6DA558F-1F34-4940-AE7E-92FC89ED80D0}.Ad-Hoc|ARM64.ActiveCfg = Debug|Any CPU
		{F6DA558F-1F34-4940-AE7E-92FC89ED80D0}.Ad-Hoc|ARM64.Build.0 = Debug|Any CPU
		{F6DA558F-1F34-4940-AE7E-92FC89ED80D0}.Ad-Hoc|iPhone.ActiveCfg = Debug|Any CPU
		{F6DA558F-1F34-4940-AE7E-92FC89ED80D0}.Ad-Hoc|iPhone.Build.0 = Debug|Any CPU
		{F6DA558F-1F34-4940-AE7E-92FC89ED80D0}.Ad-Hoc|iPhoneSimulator.ActiveCfg = Debug|Any CPU
		{F6DA558F-1F34-4940-AE7E-92FC89ED80D0}.Ad-Hoc|iPhoneSimulator.Build.0 = Debug|Any CPU
		{F6DA558F-1F34-4940-AE7E-92FC89ED80D0}.Ad-Hoc|x64.ActiveCfg = Debug|Any CPU
		{F6DA558F-1F34-4940-AE7E-92FC89ED80D0}.Ad-Hoc|x64.Build.0 = Debug|Any CPU
		{F6DA558F-1F34-4940-AE7E-92FC89ED80D0}.Ad-Hoc|x86.ActiveCfg = Debug|Any CPU
		{F6DA558F-1F34-4940-AE7E-92FC89ED80D0}.Ad-Hoc|x86.Build.0 = Debug|Any CPU
		{F6DA558F-1F34-4940-AE7E-92FC89ED80D0}.AppStore|Any CPU.ActiveCfg = Debug|Any CPU
		{F6DA558F-1F34-4940-AE7E-92FC89ED80D0}.AppStore|Any CPU.Build.0 = Debug|Any CPU
		{F6DA558F-1F34-4940-AE7E-92FC89ED80D0}.AppStore|ARM.ActiveCfg = Debug|Any CPU
		{F6DA558F-1F34-4940-AE7E-92FC89ED80D0}.AppStore|ARM.Build.0 = Debug|Any CPU
		{F6DA558F-1F34-4940-AE7E-92FC89ED80D0}.AppStore|ARM64.ActiveCfg = Debug|Any CPU
		{F6DA558F-1F34-4940-AE7E-92FC89ED80D0}.AppStore|ARM64.Build.0 = Debug|Any CPU
		{F6DA558F-1F34-4940-AE7E-92FC89ED80D0}.AppStore|iPhone.ActiveCfg = Debug|Any CPU
		{F6DA558F-1F34-4940-AE7E-92FC89ED80D0}.AppStore|iPhone.Build.0 = Debug|Any CPU
		{F6DA558F-1F34-4940-AE7E-92FC89ED80D0}.AppStore|iPhoneSimulator.ActiveCfg = Debug|Any CPU
		{F6DA558F-1F34-4940-AE7E-92FC89ED80D0}.AppStore|iPhoneSimulator.Build.0 = Debug|Any CPU
		{F6DA558F-1F34-4940-AE7E-92FC89ED80D0}.AppStore|x64.ActiveCfg = Debug|Any CPU
		{F6DA558F-1F34-4940-AE7E-92FC89ED80D0}.AppStore|x64.Build.0 = Debug|Any CPU
		{F6DA558F-1F34-4940-AE7E-92FC89ED80D0}.AppStore|x86.ActiveCfg = Debug|Any CPU
		{F6DA558F-1F34-4940-AE7E-92FC89ED80D0}.AppStore|x86.Build.0 = Debug|Any CPU
		{F6DA558F-1F34-4940-AE7E-92FC89ED80D0}.Debug|Any CPU.ActiveCfg = Debug|Any CPU
		{F6DA558F-1F34-4940-AE7E-92FC89ED80D0}.Debug|Any CPU.Build.0 = Debug|Any CPU
		{F6DA558F-1F34-4940-AE7E-92FC89ED80D0}.Debug|ARM.ActiveCfg = Debug|Any CPU
		{F6DA558F-1F34-4940-AE7E-92FC89ED80D0}.Debug|ARM.Build.0 = Debug|Any CPU
		{F6DA558F-1F34-4940-AE7E-92FC89ED80D0}.Debug|ARM64.ActiveCfg = Debug|Any CPU
		{F6DA558F-1F34-4940-AE7E-92FC89ED80D0}.Debug|ARM64.Build.0 = Debug|Any CPU
		{F6DA558F-1F34-4940-AE7E-92FC89ED80D0}.Debug|iPhone.ActiveCfg = Debug|Any CPU
		{F6DA558F-1F34-4940-AE7E-92FC89ED80D0}.Debug|iPhone.Build.0 = Debug|Any CPU
		{F6DA558F-1F34-4940-AE7E-92FC89ED80D0}.Debug|iPhoneSimulator.ActiveCfg = Debug|Any CPU
		{F6DA558F-1F34-4940-AE7E-92FC89ED80D0}.Debug|iPhoneSimulator.Build.0 = Debug|Any CPU
		{F6DA558F-1F34-4940-AE7E-92FC89ED80D0}.Debug|x64.ActiveCfg = Debug|Any CPU
		{F6DA558F-1F34-4940-AE7E-92FC89ED80D0}.Debug|x64.Build.0 = Debug|Any CPU
		{F6DA558F-1F34-4940-AE7E-92FC89ED80D0}.Debug|x86.ActiveCfg = Debug|Any CPU
		{F6DA558F-1F34-4940-AE7E-92FC89ED80D0}.Debug|x86.Build.0 = Debug|Any CPU
		{F6DA558F-1F34-4940-AE7E-92FC89ED80D0}.Release|Any CPU.ActiveCfg = Release|Any CPU
		{F6DA558F-1F34-4940-AE7E-92FC89ED80D0}.Release|Any CPU.Build.0 = Release|Any CPU
		{F6DA558F-1F34-4940-AE7E-92FC89ED80D0}.Release|ARM.ActiveCfg = Release|Any CPU
		{F6DA558F-1F34-4940-AE7E-92FC89ED80D0}.Release|ARM.Build.0 = Release|Any CPU
		{F6DA558F-1F34-4940-AE7E-92FC89ED80D0}.Release|ARM64.ActiveCfg = Release|Any CPU
		{F6DA558F-1F34-4940-AE7E-92FC89ED80D0}.Release|ARM64.Build.0 = Release|Any CPU
		{F6DA558F-1F34-4940-AE7E-92FC89ED80D0}.Release|iPhone.ActiveCfg = Release|Any CPU
		{F6DA558F-1F34-4940-AE7E-92FC89ED80D0}.Release|iPhone.Build.0 = Release|Any CPU
		{F6DA558F-1F34-4940-AE7E-92FC89ED80D0}.Release|iPhoneSimulator.ActiveCfg = Release|Any CPU
		{F6DA558F-1F34-4940-AE7E-92FC89ED80D0}.Release|iPhoneSimulator.Build.0 = Release|Any CPU
		{F6DA558F-1F34-4940-AE7E-92FC89ED80D0}.Release|x64.ActiveCfg = Release|Any CPU
		{F6DA558F-1F34-4940-AE7E-92FC89ED80D0}.Release|x64.Build.0 = Release|Any CPU
		{F6DA558F-1F34-4940-AE7E-92FC89ED80D0}.Release|x86.ActiveCfg = Release|Any CPU
		{F6DA558F-1F34-4940-AE7E-92FC89ED80D0}.Release|x86.Build.0 = Release|Any CPU
		{650BBFD6-D63E-48BC-A7FE-77B8F1F158B5}.Ad-Hoc|Any CPU.ActiveCfg = Debug|Any CPU
		{650BBFD6-D63E-48BC-A7FE-77B8F1F158B5}.Ad-Hoc|Any CPU.Build.0 = Debug|Any CPU
		{650BBFD6-D63E-48BC-A7FE-77B8F1F158B5}.Ad-Hoc|ARM.ActiveCfg = Debug|Any CPU
		{650BBFD6-D63E-48BC-A7FE-77B8F1F158B5}.Ad-Hoc|ARM.Build.0 = Debug|Any CPU
		{650BBFD6-D63E-48BC-A7FE-77B8F1F158B5}.Ad-Hoc|ARM64.ActiveCfg = Debug|Any CPU
		{650BBFD6-D63E-48BC-A7FE-77B8F1F158B5}.Ad-Hoc|ARM64.Build.0 = Debug|Any CPU
		{650BBFD6-D63E-48BC-A7FE-77B8F1F158B5}.Ad-Hoc|iPhone.ActiveCfg = Debug|Any CPU
		{650BBFD6-D63E-48BC-A7FE-77B8F1F158B5}.Ad-Hoc|iPhone.Build.0 = Debug|Any CPU
		{650BBFD6-D63E-48BC-A7FE-77B8F1F158B5}.Ad-Hoc|iPhoneSimulator.ActiveCfg = Debug|Any CPU
		{650BBFD6-D63E-48BC-A7FE-77B8F1F158B5}.Ad-Hoc|iPhoneSimulator.Build.0 = Debug|Any CPU
		{650BBFD6-D63E-48BC-A7FE-77B8F1F158B5}.Ad-Hoc|x64.ActiveCfg = Debug|Any CPU
		{650BBFD6-D63E-48BC-A7FE-77B8F1F158B5}.Ad-Hoc|x64.Build.0 = Debug|Any CPU
		{650BBFD6-D63E-48BC-A7FE-77B8F1F158B5}.Ad-Hoc|x86.ActiveCfg = Debug|Any CPU
		{650BBFD6-D63E-48BC-A7FE-77B8F1F158B5}.Ad-Hoc|x86.Build.0 = Debug|Any CPU
		{650BBFD6-D63E-48BC-A7FE-77B8F1F158B5}.AppStore|Any CPU.ActiveCfg = Debug|Any CPU
		{650BBFD6-D63E-48BC-A7FE-77B8F1F158B5}.AppStore|Any CPU.Build.0 = Debug|Any CPU
		{650BBFD6-D63E-48BC-A7FE-77B8F1F158B5}.AppStore|ARM.ActiveCfg = Debug|Any CPU
		{650BBFD6-D63E-48BC-A7FE-77B8F1F158B5}.AppStore|ARM.Build.0 = Debug|Any CPU
		{650BBFD6-D63E-48BC-A7FE-77B8F1F158B5}.AppStore|ARM64.ActiveCfg = Debug|Any CPU
		{650BBFD6-D63E-48BC-A7FE-77B8F1F158B5}.AppStore|ARM64.Build.0 = Debug|Any CPU
		{650BBFD6-D63E-48BC-A7FE-77B8F1F158B5}.AppStore|iPhone.ActiveCfg = Debug|Any CPU
		{650BBFD6-D63E-48BC-A7FE-77B8F1F158B5}.AppStore|iPhone.Build.0 = Debug|Any CPU
		{650BBFD6-D63E-48BC-A7FE-77B8F1F158B5}.AppStore|iPhoneSimulator.ActiveCfg = Debug|Any CPU
		{650BBFD6-D63E-48BC-A7FE-77B8F1F158B5}.AppStore|iPhoneSimulator.Build.0 = Debug|Any CPU
		{650BBFD6-D63E-48BC-A7FE-77B8F1F158B5}.AppStore|x64.ActiveCfg = Debug|Any CPU
		{650BBFD6-D63E-48BC-A7FE-77B8F1F158B5}.AppStore|x64.Build.0 = Debug|Any CPU
		{650BBFD6-D63E-48BC-A7FE-77B8F1F158B5}.AppStore|x86.ActiveCfg = Debug|Any CPU
		{650BBFD6-D63E-48BC-A7FE-77B8F1F158B5}.AppStore|x86.Build.0 = Debug|Any CPU
		{650BBFD6-D63E-48BC-A7FE-77B8F1F158B5}.Debug|Any CPU.ActiveCfg = Debug|Any CPU
		{650BBFD6-D63E-48BC-A7FE-77B8F1F158B5}.Debug|Any CPU.Build.0 = Debug|Any CPU
		{650BBFD6-D63E-48BC-A7FE-77B8F1F158B5}.Debug|ARM.ActiveCfg = Debug|Any CPU
		{650BBFD6-D63E-48BC-A7FE-77B8F1F158B5}.Debug|ARM.Build.0 = Debug|Any CPU
		{650BBFD6-D63E-48BC-A7FE-77B8F1F158B5}.Debug|ARM64.ActiveCfg = Debug|Any CPU
		{650BBFD6-D63E-48BC-A7FE-77B8F1F158B5}.Debug|ARM64.Build.0 = Debug|Any CPU
		{650BBFD6-D63E-48BC-A7FE-77B8F1F158B5}.Debug|iPhone.ActiveCfg = Debug|Any CPU
		{650BBFD6-D63E-48BC-A7FE-77B8F1F158B5}.Debug|iPhone.Build.0 = Debug|Any CPU
		{650BBFD6-D63E-48BC-A7FE-77B8F1F158B5}.Debug|iPhoneSimulator.ActiveCfg = Debug|Any CPU
		{650BBFD6-D63E-48BC-A7FE-77B8F1F158B5}.Debug|iPhoneSimulator.Build.0 = Debug|Any CPU
		{650BBFD6-D63E-48BC-A7FE-77B8F1F158B5}.Debug|x64.ActiveCfg = Debug|Any CPU
		{650BBFD6-D63E-48BC-A7FE-77B8F1F158B5}.Debug|x64.Build.0 = Debug|Any CPU
		{650BBFD6-D63E-48BC-A7FE-77B8F1F158B5}.Debug|x86.ActiveCfg = Debug|Any CPU
		{650BBFD6-D63E-48BC-A7FE-77B8F1F158B5}.Debug|x86.Build.0 = Debug|Any CPU
		{650BBFD6-D63E-48BC-A7FE-77B8F1F158B5}.Release|Any CPU.ActiveCfg = Release|Any CPU
		{650BBFD6-D63E-48BC-A7FE-77B8F1F158B5}.Release|Any CPU.Build.0 = Release|Any CPU
		{650BBFD6-D63E-48BC-A7FE-77B8F1F158B5}.Release|ARM.ActiveCfg = Release|Any CPU
		{650BBFD6-D63E-48BC-A7FE-77B8F1F158B5}.Release|ARM.Build.0 = Release|Any CPU
		{650BBFD6-D63E-48BC-A7FE-77B8F1F158B5}.Release|ARM64.ActiveCfg = Release|Any CPU
		{650BBFD6-D63E-48BC-A7FE-77B8F1F158B5}.Release|ARM64.Build.0 = Release|Any CPU
		{650BBFD6-D63E-48BC-A7FE-77B8F1F158B5}.Release|iPhone.ActiveCfg = Release|Any CPU
		{650BBFD6-D63E-48BC-A7FE-77B8F1F158B5}.Release|iPhone.Build.0 = Release|Any CPU
		{650BBFD6-D63E-48BC-A7FE-77B8F1F158B5}.Release|iPhoneSimulator.ActiveCfg = Release|Any CPU
		{650BBFD6-D63E-48BC-A7FE-77B8F1F158B5}.Release|iPhoneSimulator.Build.0 = Release|Any CPU
		{650BBFD6-D63E-48BC-A7FE-77B8F1F158B5}.Release|x64.ActiveCfg = Release|Any CPU
		{650BBFD6-D63E-48BC-A7FE-77B8F1F158B5}.Release|x64.Build.0 = Release|Any CPU
		{650BBFD6-D63E-48BC-A7FE-77B8F1F158B5}.Release|x86.ActiveCfg = Release|Any CPU
		{650BBFD6-D63E-48BC-A7FE-77B8F1F158B5}.Release|x86.Build.0 = Release|Any CPU
		{468BBEF8-BC6A-4A43-A9B2-49DBF96130DF}.Ad-Hoc|Any CPU.ActiveCfg = Debug|Any CPU
		{468BBEF8-BC6A-4A43-A9B2-49DBF96130DF}.Ad-Hoc|Any CPU.Build.0 = Debug|Any CPU
		{468BBEF8-BC6A-4A43-A9B2-49DBF96130DF}.Ad-Hoc|ARM.ActiveCfg = Debug|Any CPU
		{468BBEF8-BC6A-4A43-A9B2-49DBF96130DF}.Ad-Hoc|ARM.Build.0 = Debug|Any CPU
		{468BBEF8-BC6A-4A43-A9B2-49DBF96130DF}.Ad-Hoc|ARM64.ActiveCfg = Debug|Any CPU
		{468BBEF8-BC6A-4A43-A9B2-49DBF96130DF}.Ad-Hoc|ARM64.Build.0 = Debug|Any CPU
		{468BBEF8-BC6A-4A43-A9B2-49DBF96130DF}.Ad-Hoc|iPhone.ActiveCfg = Debug|Any CPU
		{468BBEF8-BC6A-4A43-A9B2-49DBF96130DF}.Ad-Hoc|iPhone.Build.0 = Debug|Any CPU
		{468BBEF8-BC6A-4A43-A9B2-49DBF96130DF}.Ad-Hoc|iPhoneSimulator.ActiveCfg = Debug|Any CPU
		{468BBEF8-BC6A-4A43-A9B2-49DBF96130DF}.Ad-Hoc|iPhoneSimulator.Build.0 = Debug|Any CPU
		{468BBEF8-BC6A-4A43-A9B2-49DBF96130DF}.Ad-Hoc|x64.ActiveCfg = Debug|Any CPU
		{468BBEF8-BC6A-4A43-A9B2-49DBF96130DF}.Ad-Hoc|x64.Build.0 = Debug|Any CPU
		{468BBEF8-BC6A-4A43-A9B2-49DBF96130DF}.Ad-Hoc|x86.ActiveCfg = Debug|Any CPU
		{468BBEF8-BC6A-4A43-A9B2-49DBF96130DF}.Ad-Hoc|x86.Build.0 = Debug|Any CPU
		{468BBEF8-BC6A-4A43-A9B2-49DBF96130DF}.AppStore|Any CPU.ActiveCfg = Debug|Any CPU
		{468BBEF8-BC6A-4A43-A9B2-49DBF96130DF}.AppStore|Any CPU.Build.0 = Debug|Any CPU
		{468BBEF8-BC6A-4A43-A9B2-49DBF96130DF}.AppStore|ARM.ActiveCfg = Debug|Any CPU
		{468BBEF8-BC6A-4A43-A9B2-49DBF96130DF}.AppStore|ARM.Build.0 = Debug|Any CPU
		{468BBEF8-BC6A-4A43-A9B2-49DBF96130DF}.AppStore|ARM64.ActiveCfg = Debug|Any CPU
		{468BBEF8-BC6A-4A43-A9B2-49DBF96130DF}.AppStore|ARM64.Build.0 = Debug|Any CPU
		{468BBEF8-BC6A-4A43-A9B2-49DBF96130DF}.AppStore|iPhone.ActiveCfg = Debug|Any CPU
		{468BBEF8-BC6A-4A43-A9B2-49DBF96130DF}.AppStore|iPhone.Build.0 = Debug|Any CPU
		{468BBEF8-BC6A-4A43-A9B2-49DBF96130DF}.AppStore|iPhoneSimulator.ActiveCfg = Debug|Any CPU
		{468BBEF8-BC6A-4A43-A9B2-49DBF96130DF}.AppStore|iPhoneSimulator.Build.0 = Debug|Any CPU
		{468BBEF8-BC6A-4A43-A9B2-49DBF96130DF}.AppStore|x64.ActiveCfg = Debug|Any CPU
		{468BBEF8-BC6A-4A43-A9B2-49DBF96130DF}.AppStore|x64.Build.0 = Debug|Any CPU
		{468BBEF8-BC6A-4A43-A9B2-49DBF96130DF}.AppStore|x86.ActiveCfg = Debug|Any CPU
		{468BBEF8-BC6A-4A43-A9B2-49DBF96130DF}.AppStore|x86.Build.0 = Debug|Any CPU
		{468BBEF8-BC6A-4A43-A9B2-49DBF96130DF}.Debug|Any CPU.ActiveCfg = Debug|Any CPU
		{468BBEF8-BC6A-4A43-A9B2-49DBF96130DF}.Debug|Any CPU.Build.0 = Debug|Any CPU
		{468BBEF8-BC6A-4A43-A9B2-49DBF96130DF}.Debug|ARM.ActiveCfg = Debug|Any CPU
		{468BBEF8-BC6A-4A43-A9B2-49DBF96130DF}.Debug|ARM.Build.0 = Debug|Any CPU
		{468BBEF8-BC6A-4A43-A9B2-49DBF96130DF}.Debug|ARM64.ActiveCfg = Debug|Any CPU
		{468BBEF8-BC6A-4A43-A9B2-49DBF96130DF}.Debug|ARM64.Build.0 = Debug|Any CPU
		{468BBEF8-BC6A-4A43-A9B2-49DBF96130DF}.Debug|iPhone.ActiveCfg = Debug|Any CPU
		{468BBEF8-BC6A-4A43-A9B2-49DBF96130DF}.Debug|iPhone.Build.0 = Debug|Any CPU
		{468BBEF8-BC6A-4A43-A9B2-49DBF96130DF}.Debug|iPhoneSimulator.ActiveCfg = Debug|Any CPU
		{468BBEF8-BC6A-4A43-A9B2-49DBF96130DF}.Debug|iPhoneSimulator.Build.0 = Debug|Any CPU
		{468BBEF8-BC6A-4A43-A9B2-49DBF96130DF}.Debug|x64.ActiveCfg = Debug|Any CPU
		{468BBEF8-BC6A-4A43-A9B2-49DBF96130DF}.Debug|x64.Build.0 = Debug|Any CPU
		{468BBEF8-BC6A-4A43-A9B2-49DBF96130DF}.Debug|x86.ActiveCfg = Debug|Any CPU
		{468BBEF8-BC6A-4A43-A9B2-49DBF96130DF}.Debug|x86.Build.0 = Debug|Any CPU
		{468BBEF8-BC6A-4A43-A9B2-49DBF96130DF}.Release|Any CPU.ActiveCfg = Release|Any CPU
		{468BBEF8-BC6A-4A43-A9B2-49DBF96130DF}.Release|Any CPU.Build.0 = Release|Any CPU
		{468BBEF8-BC6A-4A43-A9B2-49DBF96130DF}.Release|ARM.ActiveCfg = Release|Any CPU
		{468BBEF8-BC6A-4A43-A9B2-49DBF96130DF}.Release|ARM.Build.0 = Release|Any CPU
		{468BBEF8-BC6A-4A43-A9B2-49DBF96130DF}.Release|ARM64.ActiveCfg = Release|Any CPU
		{468BBEF8-BC6A-4A43-A9B2-49DBF96130DF}.Release|ARM64.Build.0 = Release|Any CPU
		{468BBEF8-BC6A-4A43-A9B2-49DBF96130DF}.Release|iPhone.ActiveCfg = Release|Any CPU
		{468BBEF8-BC6A-4A43-A9B2-49DBF96130DF}.Release|iPhone.Build.0 = Release|Any CPU
		{468BBEF8-BC6A-4A43-A9B2-49DBF96130DF}.Release|iPhoneSimulator.ActiveCfg = Release|Any CPU
		{468BBEF8-BC6A-4A43-A9B2-49DBF96130DF}.Release|iPhoneSimulator.Build.0 = Release|Any CPU
		{468BBEF8-BC6A-4A43-A9B2-49DBF96130DF}.Release|x64.ActiveCfg = Release|Any CPU
		{468BBEF8-BC6A-4A43-A9B2-49DBF96130DF}.Release|x64.Build.0 = Release|Any CPU
		{468BBEF8-BC6A-4A43-A9B2-49DBF96130DF}.Release|x86.ActiveCfg = Release|Any CPU
		{468BBEF8-BC6A-4A43-A9B2-49DBF96130DF}.Release|x86.Build.0 = Release|Any CPU
		{7B89B488-0FBF-4120-857F-850232C2477F}.Ad-Hoc|Any CPU.ActiveCfg = Debug|Any CPU
		{7B89B488-0FBF-4120-857F-850232C2477F}.Ad-Hoc|Any CPU.Build.0 = Debug|Any CPU
		{7B89B488-0FBF-4120-857F-850232C2477F}.Ad-Hoc|ARM.ActiveCfg = Debug|Any CPU
		{7B89B488-0FBF-4120-857F-850232C2477F}.Ad-Hoc|ARM.Build.0 = Debug|Any CPU
		{7B89B488-0FBF-4120-857F-850232C2477F}.Ad-Hoc|ARM64.ActiveCfg = Debug|Any CPU
		{7B89B488-0FBF-4120-857F-850232C2477F}.Ad-Hoc|ARM64.Build.0 = Debug|Any CPU
		{7B89B488-0FBF-4120-857F-850232C2477F}.Ad-Hoc|iPhone.ActiveCfg = Debug|Any CPU
		{7B89B488-0FBF-4120-857F-850232C2477F}.Ad-Hoc|iPhone.Build.0 = Debug|Any CPU
		{7B89B488-0FBF-4120-857F-850232C2477F}.Ad-Hoc|iPhoneSimulator.ActiveCfg = Debug|Any CPU
		{7B89B488-0FBF-4120-857F-850232C2477F}.Ad-Hoc|iPhoneSimulator.Build.0 = Debug|Any CPU
		{7B89B488-0FBF-4120-857F-850232C2477F}.Ad-Hoc|x64.ActiveCfg = Debug|Any CPU
		{7B89B488-0FBF-4120-857F-850232C2477F}.Ad-Hoc|x64.Build.0 = Debug|Any CPU
		{7B89B488-0FBF-4120-857F-850232C2477F}.Ad-Hoc|x86.ActiveCfg = Debug|Any CPU
		{7B89B488-0FBF-4120-857F-850232C2477F}.Ad-Hoc|x86.Build.0 = Debug|Any CPU
		{7B89B488-0FBF-4120-857F-850232C2477F}.AppStore|Any CPU.ActiveCfg = Debug|Any CPU
		{7B89B488-0FBF-4120-857F-850232C2477F}.AppStore|Any CPU.Build.0 = Debug|Any CPU
		{7B89B488-0FBF-4120-857F-850232C2477F}.AppStore|ARM.ActiveCfg = Debug|Any CPU
		{7B89B488-0FBF-4120-857F-850232C2477F}.AppStore|ARM.Build.0 = Debug|Any CPU
		{7B89B488-0FBF-4120-857F-850232C2477F}.AppStore|ARM64.ActiveCfg = Debug|Any CPU
		{7B89B488-0FBF-4120-857F-850232C2477F}.AppStore|ARM64.Build.0 = Debug|Any CPU
		{7B89B488-0FBF-4120-857F-850232C2477F}.AppStore|iPhone.ActiveCfg = Debug|Any CPU
		{7B89B488-0FBF-4120-857F-850232C2477F}.AppStore|iPhone.Build.0 = Debug|Any CPU
		{7B89B488-0FBF-4120-857F-850232C2477F}.AppStore|iPhoneSimulator.ActiveCfg = Debug|Any CPU
		{7B89B488-0FBF-4120-857F-850232C2477F}.AppStore|iPhoneSimulator.Build.0 = Debug|Any CPU
		{7B89B488-0FBF-4120-857F-850232C2477F}.AppStore|x64.ActiveCfg = Debug|Any CPU
		{7B89B488-0FBF-4120-857F-850232C2477F}.AppStore|x64.Build.0 = Debug|Any CPU
		{7B89B488-0FBF-4120-857F-850232C2477F}.AppStore|x86.ActiveCfg = Debug|Any CPU
		{7B89B488-0FBF-4120-857F-850232C2477F}.AppStore|x86.Build.0 = Debug|Any CPU
		{7B89B488-0FBF-4120-857F-850232C2477F}.Debug|Any CPU.ActiveCfg = Debug|Any CPU
		{7B89B488-0FBF-4120-857F-850232C2477F}.Debug|Any CPU.Build.0 = Debug|Any CPU
		{7B89B488-0FBF-4120-857F-850232C2477F}.Debug|ARM.ActiveCfg = Debug|Any CPU
		{7B89B488-0FBF-4120-857F-850232C2477F}.Debug|ARM.Build.0 = Debug|Any CPU
		{7B89B488-0FBF-4120-857F-850232C2477F}.Debug|ARM64.ActiveCfg = Debug|Any CPU
		{7B89B488-0FBF-4120-857F-850232C2477F}.Debug|ARM64.Build.0 = Debug|Any CPU
		{7B89B488-0FBF-4120-857F-850232C2477F}.Debug|iPhone.ActiveCfg = Debug|Any CPU
		{7B89B488-0FBF-4120-857F-850232C2477F}.Debug|iPhone.Build.0 = Debug|Any CPU
		{7B89B488-0FBF-4120-857F-850232C2477F}.Debug|iPhoneSimulator.ActiveCfg = Debug|Any CPU
		{7B89B488-0FBF-4120-857F-850232C2477F}.Debug|iPhoneSimulator.Build.0 = Debug|Any CPU
		{7B89B488-0FBF-4120-857F-850232C2477F}.Debug|x64.ActiveCfg = Debug|Any CPU
		{7B89B488-0FBF-4120-857F-850232C2477F}.Debug|x64.Build.0 = Debug|Any CPU
		{7B89B488-0FBF-4120-857F-850232C2477F}.Debug|x86.ActiveCfg = Debug|Any CPU
		{7B89B488-0FBF-4120-857F-850232C2477F}.Debug|x86.Build.0 = Debug|Any CPU
		{7B89B488-0FBF-4120-857F-850232C2477F}.Release|Any CPU.ActiveCfg = Release|Any CPU
		{7B89B488-0FBF-4120-857F-850232C2477F}.Release|Any CPU.Build.0 = Release|Any CPU
		{7B89B488-0FBF-4120-857F-850232C2477F}.Release|ARM.ActiveCfg = Release|Any CPU
		{7B89B488-0FBF-4120-857F-850232C2477F}.Release|ARM.Build.0 = Release|Any CPU
		{7B89B488-0FBF-4120-857F-850232C2477F}.Release|ARM64.ActiveCfg = Release|Any CPU
		{7B89B488-0FBF-4120-857F-850232C2477F}.Release|ARM64.Build.0 = Release|Any CPU
		{7B89B488-0FBF-4120-857F-850232C2477F}.Release|iPhone.ActiveCfg = Release|Any CPU
		{7B89B488-0FBF-4120-857F-850232C2477F}.Release|iPhone.Build.0 = Release|Any CPU
		{7B89B488-0FBF-4120-857F-850232C2477F}.Release|iPhoneSimulator.ActiveCfg = Release|Any CPU
		{7B89B488-0FBF-4120-857F-850232C2477F}.Release|iPhoneSimulator.Build.0 = Release|Any CPU
		{7B89B488-0FBF-4120-857F-850232C2477F}.Release|x64.ActiveCfg = Release|Any CPU
		{7B89B488-0FBF-4120-857F-850232C2477F}.Release|x64.Build.0 = Release|Any CPU
		{7B89B488-0FBF-4120-857F-850232C2477F}.Release|x86.ActiveCfg = Release|Any CPU
		{7B89B488-0FBF-4120-857F-850232C2477F}.Release|x86.Build.0 = Release|Any CPU
	EndGlobalSection
	GlobalSection(SolutionProperties) = preSolution
		HideSolutionNode = FALSE
	EndGlobalSection
	GlobalSection(NestedProjects) = preSolution
		{E7A2E056-A10F-445B-BF2E-66ABB44A8E6D} = {10E3A890-BC75-4B2B-8E52-C7869C759233}
		{E8D71F43-4411-4644-82CF-33B231EA59EC} = {10E3A890-BC75-4B2B-8E52-C7869C759233}
		{A987A861-61DC-48C6-BD55-9B8D71580134} = {10E3A890-BC75-4B2B-8E52-C7869C759233}
		{687A8D6F-D39A-4844-BD41-863B1B59F92C} = {10E3A890-BC75-4B2B-8E52-C7869C759233}
		{91D0077F-3584-47F3-B7E3-3CA16B2C9C83} = {10E3A890-BC75-4B2B-8E52-C7869C759233}
		{F6DA558F-1F34-4940-AE7E-92FC89ED80D0} = {10E3A890-BC75-4B2B-8E52-C7869C759233}
		{650BBFD6-D63E-48BC-A7FE-77B8F1F158B5} = {10E3A890-BC75-4B2B-8E52-C7869C759233}
		{468BBEF8-BC6A-4A43-A9B2-49DBF96130DF} = {10E3A890-BC75-4B2B-8E52-C7869C759233}
		{7B89B488-0FBF-4120-857F-850232C2477F} = {10E3A890-BC75-4B2B-8E52-C7869C759233}
	EndGlobalSection
	GlobalSection(ExtensibilityGlobals) = postSolution
		SolutionGuid = {B1958ED9-19B1-4A55-9317-6782E6109194}
	EndGlobalSection
EndGlobal
